
Microsoft Visual Studio Solution File, Format Version 12.00
# Visual Studio Version 16
VisualStudioVersion = 16.0.31410.357
MinimumVisualStudioVersion = 10.0.40219.1
Project("{FAE04EC0-301F-11D3-BF4B-00C04F79EFBC}") = "Practica1", "Practica1\Practica1.csproj", "{07E2F59B-6255-46BE-BC56-1CEB18450E52}"
EndProject
Global
	GlobalSection(SolutionConfigurationPlatforms) = preSolution
		Debug|Any CPU = Debug|Any CPU
		Release|Any CPU = Release|Any CPU
	EndGlobalSection
	GlobalSection(ProjectConfigurationPlatforms) = postSolution
		{07E2F59B-6255-46BE-BC56-1CEB18450E52}.Debug|Any CPU.ActiveCfg = Debug|Any CPU
		{07E2F59B-6255-46BE-BC56-1CEB18450E52}.Debug|Any CPU.Build.0 = Debug|Any CPU
		{07E2F59B-6255-46BE-BC56-1CEB18450E52}.Release|Any CPU.ActiveCfg = Release|Any CPU
		{07E2F59B-6255-46BE-BC56-1CEB18450E52}.Release|Any CPU.Build.0 = Release|Any CPU
	EndGlobalSection
	GlobalSection(SolutionProperties) = preSolution
		HideSolutionNode = FALSE
	EndGlobalSection
	GlobalSection(ExtensibilityGlobals) = postSolution
		SolutionGuid = {0F448124-D345-4205-B72C-0F8EDF4DE9C8}
	EndGlobalSection
EndGlobal
